
Microsoft Visual Studio Solution File, Format Version 12.00
# Visual Studio 15
VisualStudioVersion = 15.0.28010.2016
MinimumVisualStudioVersion = 10.0.40219.1
Project("{FAE04EC0-301F-11D3-BF4B-00C04F79EFBC}") = "DogApp", "DogApp\DogApp.csproj", "{C90D449B-D56A-45F0-9EF5-34161F0BEB97}"
EndProject
Project("{FAE04EC0-301F-11D3-BF4B-00C04F79EFBC}") = "DogApp.Tests", "DogApp.Tests\DogApp.Tests.csproj", "{718CB39B-1AE3-4D2A-9805-6D90F3273EF0}"
EndProject
Global
	GlobalSection(SolutionConfigurationPlatforms) = preSolution
		Debug|Any CPU = Debug|Any CPU
		Release|Any CPU = Release|Any CPU
	EndGlobalSection
	GlobalSection(ProjectConfigurationPlatforms) = postSolution
		{C90D449B-D56A-45F0-9EF5-34161F0BEB97}.Debug|Any CPU.ActiveCfg = Debug|Any CPU
		{C90D449B-D56A-45F0-9EF5-34161F0BEB97}.Debug|Any CPU.Build.0 = Debug|Any CPU
		{C90D449B-D56A-45F0-9EF5-34161F0BEB97}.Release|Any CPU.ActiveCfg = Release|Any CPU
		{C90D449B-D56A-45F0-9EF5-34161F0BEB97}.Release|Any CPU.Build.0 = Release|Any CPU
		{718CB39B-1AE3-4D2A-9805-6D90F3273EF0}.Debug|Any CPU.ActiveCfg = Debug|Any CPU
		{718CB39B-1AE3-4D2A-9805-6D90F3273EF0}.Debug|Any CPU.Build.0 = Debug|Any CPU
		{718CB39B-1AE3-4D2A-9805-6D90F3273EF0}.Release|Any CPU.ActiveCfg = Release|Any CPU
		{718CB39B-1AE3-4D2A-9805-6D90F3273EF0}.Release|Any CPU.Build.0 = Release|Any CPU
	EndGlobalSection
	GlobalSection(SolutionProperties) = preSolution
		HideSolutionNode = FALSE
	EndGlobalSection
	GlobalSection(ExtensibilityGlobals) = postSolution
		SolutionGuid = {E365F4B6-B029-42B8-AB9F-33DD5ABBB08D}
	EndGlobalSection
EndGlobal
